Microsoft Visual Studio Solution File, Format Version 11.00
# Visual Studio 2008

Project("{6FAEE097-C274-6322-D5C5-E764724B9EEA}") = "RoomVR", "Assembly-CSharp.csproj", "{C6A80D96-966C-9240-E4FF-6B55FF6B90A6}"
EndProject
Project("{6FAEE097-C274-6322-D5C5-E764724B9EEA}") = "RoomVR", "Assembly-CSharp-Editor.csproj", "{3FEFEF91-ABA5-7B93-D9A0-0EFF39685D2C}"
EndProject
Global
	GlobalSection(SolutionConfigurationPlatforms) = preSolution
		Debug|Any CPU = Debug|Any CPU
		Release|Any CPU = Release|Any CPU
	EndGlobalSection
	GlobalSection(ProjectConfigurationPlatforms) = postSolution
		{C6A80D96-966C-9240-E4FF-6B55FF6B90A6}.Debug|Any CPU.ActiveCfg = Debug|Any CPU
		{C6A80D96-966C-9240-E4FF-6B55FF6B90A6}.Debug|Any CPU.Build.0 = Debug|Any CPU
		{C6A80D96-966C-9240-E4FF-6B55FF6B90A6}.Release|Any CPU.ActiveCfg = Release|Any CPU
		{C6A80D96-966C-9240-E4FF-6B55FF6B90A6}.Release|Any CPU.Build.0 = Release|Any CPU
		{3FEFEF91-ABA5-7B93-D9A0-0EFF39685D2C}.Debug|Any CPU.ActiveCfg = Debug|Any CPU
		{3FEFEF91-ABA5-7B93-D9A0-0EFF39685D2C}.Debug|Any CPU.Build.0 = Debug|Any CPU
		{3FEFEF91-ABA5-7B93-D9A0-0EFF39685D2C}.Release|Any CPU.ActiveCfg = Release|Any CPU
		{3FEFEF91-ABA5-7B93-D9A0-0EFF39685D2C}.Release|Any CPU.Build.0 = Release|Any CPU
	EndGlobalSection
	GlobalSection(SolutionProperties) = preSolution
		HideSolutionNode = FALSE
	EndGlobalSection
	GlobalSection(MonoDevelopProperties) = preSolution
		StartupItem = Assembly-CSharp.csproj
	EndGlobalSection
EndGlobal
